{
  "requires": true,
  "lockfileVersion": 1,
  "dependencies": {
    "tingle.js": {
      "version": "0.15.2",
      "resolved": "https://registry.npmjs.org/tingle.js/-/tingle.js-0.15.2.tgz",
      "integrity": "sha512-lx5ZM9pxV7qLXMDonqPbA1Jqpvs8IQo/WxNzPwa+yE3/jfroEHWYmWNIi7Tiy/kkv4M9/FODtU1hMAIRxqKOVQ=="
    }
  }
}
